
Microsoft Visual Studio Solution File, Format Version 12.00
# Visual Studio Version 16
VisualStudioVersion = 16.0.31205.134
MinimumVisualStudioVersion = 10.0.40219.1
Project("{FAE04EC0-301F-11D3-BF4B-00C04F79EFBC}") = "saga-app", "saga-app\saga-app.csproj", "{72AABD37-A126-4B2F-9CEA-7D2FA38C1651}"
EndProject
Global
	GlobalSection(SolutionConfigurationPlatforms) = preSolution
		Debug|Any CPU = Debug|Any CPU
		Release|Any CPU = Release|Any CPU
	EndGlobalSection
	GlobalSection(ProjectConfigurationPlatforms) = postSolution
		{72AABD37-A126-4B2F-9CEA-7D2FA38C1651}.Debug|Any CPU.ActiveCfg = Debug|Any CPU
		{72AABD37-A126-4B2F-9CEA-7D2FA38C1651}.Debug|Any CPU.Build.0 = Debug|Any CPU
		{72AABD37-A126-4B2F-9CEA-7D2FA38C1651}.Release|Any CPU.ActiveCfg = Release|Any CPU
		{72AABD37-A126-4B2F-9CEA-7D2FA38C1651}.Release|Any CPU.Build.0 = Release|Any CPU
	EndGlobalSection
	GlobalSection(SolutionProperties) = preSolution
		HideSolutionNode = FALSE
	EndGlobalSection
	GlobalSection(ExtensibilityGlobals) = postSolution
		SolutionGuid = {471877AC-68A9-4162-9ED0-F030772F5B3A}
	EndGlobalSection
EndGlobal
